
Microsoft Visual Studio Solution File, Format Version 12.00
# Visual Studio Version 17
VisualStudioVersion = 17.5.002.0
MinimumVisualStudioVersion = 10.0.40219.1
Project("{9A19103F-16F7-4668-BE54-9A1E7A4F7556}") = "CalculatorLibrary", "CalculatorLibrary\CalculatorLibrary.csproj", "{B6868A31-43A7-4CBF-9B2A-91B5E0503D96}"
EndProject
Project("{9A19103F-16F7-4668-BE54-9A1E7A4F7556}") = "Calculator", "Calculator\Calculator.csproj", "{476E9338-D244-4220-BC8F-161C92DC8328}"
EndProject
Global
	GlobalSection(SolutionConfigurationPlatforms) = preSolution
		Debug|Any CPU = Debug|Any CPU
		Release|Any CPU = Release|Any CPU
	EndGlobalSection
	GlobalSection(ProjectConfigurationPlatforms) = postSolution
		{B6868A31-43A7-4CBF-9B2A-91B5E0503D96}.Debug|Any CPU.ActiveCfg = Debug|Any CPU
		{B6868A31-43A7-4CBF-9B2A-91B5E0503D96}.Debug|Any CPU.Build.0 = Debug|Any CPU
		{B6868A31-43A7-4CBF-9B2A-91B5E0503D96}.Release|Any CPU.ActiveCfg = Release|Any CPU
		{B6868A31-43A7-4CBF-9B2A-91B5E0503D96}.Release|Any CPU.Build.0 = Release|Any CPU
		{476E9338-D244-4220-BC8F-161C92DC8328}.Debug|Any CPU.ActiveCfg = Debug|Any CPU
		{476E9338-D244-4220-BC8F-161C92DC8328}.Debug|Any CPU.Build.0 = Debug|Any CPU
		{476E9338-D244-4220-BC8F-161C92DC8328}.Release|Any CPU.ActiveCfg = Release|Any CPU
		{476E9338-D244-4220-BC8F-161C92DC8328}.Release|Any CPU.Build.0 = Release|Any CPU
	EndGlobalSection
	GlobalSection(SolutionProperties) = preSolution
		HideSolutionNode = FALSE
	EndGlobalSection
	GlobalSection(ExtensibilityGlobals) = postSolution
		SolutionGuid = {2EF9B75D-629D-48BB-94F2-CA026344CD49}
	EndGlobalSection
EndGlobal
